// !$*UTF8*$!
{
	archiveVersion = 1;
	classes = {
	};
	objectVersion = 46;
	objects = {

/* Begin PBXBuildFile section */
		AE3CBD5718EF796900BFA8F5 /* Game.m in Sources */ = {isa = PBXBuildFile; fileRef = AE3CBD5618EF796900BFA8F5 /* Game.m */; };
		AE3CBD5818EF796900BFA8F5 /* Game.m in Sources */ = {isa = PBXBuildFile; fileRef = AE3CBD5618EF796900BFA8F5 /* Game.m */; };
		AE3CBD5A18EF79F400BFA8F5 /* CreateGameViewControllerSpec.mm in Sources */ = {isa = PBXBuildFile; fileRef = AE3CBD5918EF79F400BFA8F5 /* CreateGameViewControllerSpec.mm */; };
		AE3CBD5C18F3182900BFA8F5 /* GameCollectionSpec.mm in Sources */ = {isa = PBXBuildFile; fileRef = AE3CBD5B18F3182900BFA8F5 /* GameCollectionSpec.mm */; };
		AE3CBD6318F3241F00BFA8F5 /* UserDefaultsCleaner.m in Sources */ = {isa = PBXBuildFile; fileRef = AE3CBD6218F3241F00BFA8F5 /* UserDefaultsCleaner.m */; };
		AE3CBD6F18F4749800BFA8F5 /* Player.m in Sources */ = {isa = PBXBuildFile; fileRef = AE3CBD6E18F4749800BFA8F5 /* Player.m */; };
		AE3CBD7018F4749800BFA8F5 /* Player.m in Sources */ = {isa = PBXBuildFile; fileRef = AE3CBD6E18F4749800BFA8F5 /* Player.m */; };
		AE40F6951A4117C5004044BA /* HandTableViewController.m in Sources */ = {isa = PBXBuildFile; fileRef = AE40F6941A4117C5004044BA /* HandTableViewController.m */; };
		AE40F6961A4117C5004044BA /* HandTableViewController.m in Sources */ = {isa = PBXBuildFile; fileRef = AE40F6941A4117C5004044BA /* HandTableViewController.m */; };
		AE40F6A81A41188C004044BA /* HandTableViewControllerSpec.mm in Sources */ = {isa = PBXBuildFile; fileRef = AE40F6A71A41188C004044BA /* HandTableViewControllerSpec.mm */; };
		AE4C7EE918EC980F004B11DE /* Foundation.framework in Frameworks */ = {isa = PBXBuildFile; fileRef = AE4C7EE818EC980F004B11DE /* Foundation.framework */; };
		AE4C7EEB18EC980F004B11DE /* CoreGraphics.framework in Frameworks */ = {isa = PBXBuildFile; fileRef = AE4C7EEA18EC980F004B11DE /* CoreGraphics.framework */; };
		AE4C7EED18EC980F004B11DE /* UIKit.framework in Frameworks */ = {isa = PBXBuildFile; fileRef = AE4C7EEC18EC980F004B11DE /* UIKit.framework */; };
		AE4C7EF318EC980F004B11DE /* InfoPlist.strings in Resources */ = {isa = PBXBuildFile; fileRef = AE4C7EF118EC980F004B11DE /* InfoPlist.strings */; };
		AE4C7EF518EC980F004B11DE /* main.m in Sources */ = {isa = PBXBuildFile; fileRef = AE4C7EF418EC980F004B11DE /* main.m */; };
		AE4C7EF918EC980F004B11DE /* AppDelegate.m in Sources */ = {isa = PBXBuildFile; fileRef = AE4C7EF818EC980F004B11DE /* AppDelegate.m */; };
		AE4C7EFB18EC980F004B11DE /* Images.xcassets in Resources */ = {isa = PBXBuildFile; fileRef = AE4C7EFA18EC980F004B11DE /* Images.xcassets */; };
		AE79ECD318F602FD00604269 /* libUIKit+PivotalCore-StaticLib.a in Frameworks */ = {isa = PBXBuildFile; fileRef = AE79ECC418F602E300604269 /* libUIKit+PivotalCore-StaticLib.a */; };
		AE79ECD418F602FD00604269 /* libUIKit+PivotalSpecHelper-StaticLib.a in Frameworks */ = {isa = PBXBuildFile; fileRef = AE79ECC618F602E300604269 /* libUIKit+PivotalSpecHelper-StaticLib.a */; };
		AE79ECD518F602FD00604269 /* libUIKit+PivotalSpecHelperStubs-StaticLib.a in Frameworks */ = {isa = PBXBuildFile; fileRef = AE79ECC818F602E300604269 /* libUIKit+PivotalSpecHelperStubs-StaticLib.a */; };
		AEC1059C18ECDA92000AC266 /* AppDelegateSpec.mm in Sources */ = {isa = PBXBuildFile; fileRef = AEC1059B18ECDA92000AC266 /* AppDelegateSpec.mm */; };
		AEC105A218ECE040000AC266 /* RootViewController.m in Sources */ = {isa = PBXBuildFile; fileRef = AEC105A018ECE040000AC266 /* RootViewController.m */; };
		AEC105A318ECE040000AC266 /* RootViewController.m in Sources */ = {isa = PBXBuildFile; fileRef = AEC105A018ECE040000AC266 /* RootViewController.m */; };
		AEC105A618ECE061000AC266 /* AppDelegate.m in Sources */ = {isa = PBXBuildFile; fileRef = AE4C7EF818EC980F004B11DE /* AppDelegate.m */; };
		AEC105B318EE0BC9000AC266 /* RootViewControllerSpec.mm in Sources */ = {isa = PBXBuildFile; fileRef = AEC105B218EE0BC9000AC266 /* RootViewControllerSpec.mm */; };
		AEC105B718EE0E2D000AC266 /* CreateGameViewController.m in Sources */ = {isa = PBXBuildFile; fileRef = AEC105B518EE0E2D000AC266 /* CreateGameViewController.m */; };
		AEC105B818EE0E2D000AC266 /* CreateGameViewController.m in Sources */ = {isa = PBXBuildFile; fileRef = AEC105B518EE0E2D000AC266 /* CreateGameViewController.m */; };
		AEC105B918EE0E2D000AC266 /* CreateGameViewController.xib in Resources */ = {isa = PBXBuildFile; fileRef = AEC105B618EE0E2D000AC266 /* CreateGameViewController.xib */; };
		AEC105BA18EE0E2D000AC266 /* CreateGameViewController.xib in Resources */ = {isa = PBXBuildFile; fileRef = AEC105B618EE0E2D000AC266 /* CreateGameViewController.xib */; };
		AEC105BD18EF233B000AC266 /* GameCollection.m in Sources */ = {isa = PBXBuildFile; fileRef = AEC105BC18EF233B000AC266 /* GameCollection.m */; };
		AEC105BE18EF233B000AC266 /* GameCollection.m in Sources */ = {isa = PBXBuildFile; fileRef = AEC105BC18EF233B000AC266 /* GameCollection.m */; };
		AEC8550218ECB03800F7FB11 /* UIKit.framework in Frameworks */ = {isa = PBXBuildFile; fileRef = AE4C7EEC18EC980F004B11DE /* UIKit.framework */; };
		AEC8550318ECB03800F7FB11 /* Foundation.framework in Frameworks */ = {isa = PBXBuildFile; fileRef = AE4C7EE818EC980F004B11DE /* Foundation.framework */; };
		AEC8550418ECB03800F7FB11 /* CoreGraphics.framework in Frameworks */ = {isa = PBXBuildFile; fileRef = AE4C7EEA18EC980F004B11DE /* CoreGraphics.framework */; };
		AEC8550A18ECB03800F7FB11 /* InfoPlist.strings in Resources */ = {isa = PBXBuildFile; fileRef = AEC8550818ECB03800F7FB11 /* InfoPlist.strings */; };
		AEC8550C18ECB03800F7FB11 /* main.m in Sources */ = {isa = PBXBuildFile; fileRef = AEC8550B18ECB03800F7FB11 /* main.m */; };
		AEC8553E18ECC78C00F7FB11 /* libCedar-StaticLib.a in Frameworks */ = {isa = PBXBuildFile; fileRef = AEC8552C18ECB20F00F7FB11 /* libCedar-StaticLib.a */; };
		AED0751B1A522B14005C06C8 /* EditHandViewController.m in Sources */ = {isa = PBXBuildFile; fileRef = AED075191A522B14005C06C8 /* EditHandViewController.m */; };
		AED0751C1A522B14005C06C8 /* EditHandViewController.m in Sources */ = {isa = PBXBuildFile; fileRef = AED075191A522B14005C06C8 /* EditHandViewController.m */; };
		AED0751D1A522B14005C06C8 /* EditHandViewController.xib in Resources */ = {isa = PBXBuildFile; fileRef = AED0751A1A522B14005C06C8 /* EditHandViewController.xib */; };
		AED0751E1A522B14005C06C8 /* EditHandViewController.xib in Resources */ = {isa = PBXBuildFile; fileRef = AED0751A1A522B14005C06C8 /* EditHandViewController.xib */; };
		AED075301A52311C005C06C8 /* EditHandViewControllerSpec.mm in Sources */ = {isa = PBXBuildFile; fileRef = AED0752F1A52311C005C06C8 /* EditHandViewControllerSpec.mm */; };
		AEEC899D1A51E7F700BB1A2F /* Hand.m in Sources */ = {isa = PBXBuildFile; fileRef = AEEC899C1A51E7F700BB1A2F /* Hand.m */; };
		AEEC899E1A51E7F700BB1A2F /* Hand.m in Sources */ = {isa = PBXBuildFile; fileRef = AEEC899C1A51E7F700BB1A2F /* Hand.m */; };
/* End PBXBuildFile section */

/* Begin PBXContainerItemProxy section */
		AE79ECC318F602E300604269 /* PBXContainerItemProxy */ = {
			isa = PBXContainerItemProxy;
			containerPortal = AE79ECB818F602E300604269 /* UIKit.xcodeproj */;
			proxyType = 2;
			remoteGlobalIDString = AEBCCC24168B999F0056EE83;
			remoteInfo = "UIKit+PivotalCore-StaticLib";
		};
		AE79ECC518F602E300604269 /* PBXContainerItemProxy */ = {
			isa = PBXContainerItemProxy;
			containerPortal = AE79ECB818F602E300604269 /* UIKit.xcodeproj */;
			proxyType = 2;
			remoteGlobalIDString = AEBCCC64168B9AF10056EE83;
			remoteInfo = "UIKit+PivotalSpecHelper-StaticLib";
		};
		AE79ECC718F602E300604269 /* PBXContainerItemProxy */ = {
			isa = PBXContainerItemProxy;
			containerPortal = AE79ECB818F602E300604269 /* UIKit.xcodeproj */;
			proxyType = 2;
			remoteGlobalIDString = AEC40C89174C203700474D2D;
			remoteInfo = "UIKit+PivotalSpecHelperStubs-StaticLib";
		};
		AE79ECC918F602E300604269 /* PBXContainerItemProxy */ = {
			isa = PBXContainerItemProxy;
			containerPortal = AE79ECB818F602E300604269 /* UIKit.xcodeproj */;
			proxyType = 2;
			remoteGlobalIDString = AEBCCC34168B99ED0056EE83;
			remoteInfo = "UIKit-StaticLibSpec";
		};
		AE79ECCB18F602E300604269 /* PBXContainerItemProxy */ = {
			isa = PBXContainerItemProxy;
			containerPortal = AE79ECB818F602E300604269 /* UIKit.xcodeproj */;
			proxyType = 2;
			remoteGlobalIDString = AE118AA218D6B57000C90D6B;
			remoteInfo = "UIKit-StaticLibSpecBundle";
		};
		AE79ECCD18F602F100604269 /* PBXContainerItemProxy */ = {
			isa = PBXContainerItemProxy;
			containerPortal = AE79ECB818F602E300604269 /* UIKit.xcodeproj */;
			proxyType = 1;
			remoteGlobalIDString = AEBCCC23168B999F0056EE83;
			remoteInfo = "UIKit+PivotalCore-StaticLib";
		};
		AE79ECCF18F602F100604269 /* PBXContainerItemProxy */ = {
			isa = PBXContainerItemProxy;
			containerPortal = AE79ECB818F602E300604269 /* UIKit.xcodeproj */;
			proxyType = 1;
			remoteGlobalIDString = AEBCCC63168B9AF10056EE83;
			remoteInfo = "UIKit+PivotalSpecHelper-StaticLib";
		};
		AE79ECD118F602F100604269 /* PBXContainerItemProxy */ = {
			isa = PBXContainerItemProxy;
			containerPortal = AE79ECB818F602E300604269 /* UIKit.xcodeproj */;
			proxyType = 1;
			remoteGlobalIDString = AEC40C88174C203700474D2D;
			remoteInfo = "UIKit+PivotalSpecHelperStubs-StaticLib";
		};
		AEBE6BED1A4110D2007380F4 /* PBXContainerItemProxy */ = {
			isa = PBXContainerItemProxy;
			containerPortal = AEC8551718ECB20E00F7FB11 /* Cedar.xcodeproj */;
			proxyType = 2;
			remoteGlobalIDString = AE248F9819DCD52500092C14;
			remoteInfo = "Cedar OS X Host App";
		};
		AEBE6BEF1A4110D2007380F4 /* PBXContainerItemProxy */ = {
			isa = PBXContainerItemProxy;
			containerPortal = AEC8551718ECB20E00F7FB11 /* Cedar.xcodeproj */;
			proxyType = 2;
			remoteGlobalIDString = AE248FAA19DCD52500092C14;
			remoteInfo = "Cedar OS X Host AppTests";
		};
		AEBE6BF11A4110D2007380F4 /* PBXContainerItemProxy */ = {
			isa = PBXContainerItemProxy;
			containerPortal = AEC8551718ECB20E00F7FB11 /* Cedar.xcodeproj */;
			proxyType = 2;
			remoteGlobalIDString = AEB8818719DCD62D00F081BA;
			remoteInfo = "Cedar OS X Failing Test Bundle";
		};
		AEC8552518ECB20F00F7FB11 /* PBXContainerItemProxy */ = {
			isa = PBXContainerItemProxy;
			containerPortal = AEC8551718ECB20E00F7FB11 /* Cedar.xcodeproj */;
			proxyType = 2;
			remoteGlobalIDString = AEEE1FB611DC271300029872;
			remoteInfo = Cedar;
		};
		AEC8552718ECB20F00F7FB11 /* PBXContainerItemProxy */ = {
			isa = PBXContainerItemProxy;
			containerPortal = AEC8551718ECB20E00F7FB11 /* Cedar.xcodeproj */;
			proxyType = 2;
			remoteGlobalIDString = AEEE218611DC28E200029872;
			remoteInfo = Specs;
		};
		AEC8552918ECB20F00F7FB11 /* PBXContainerItemProxy */ = {
			isa = PBXContainerItemProxy;
			containerPortal = AEC8551718ECB20E00F7FB11 /* Cedar.xcodeproj */;
			proxyType = 2;
			remoteGlobalIDString = 96A07F0813F276640021974D;
			remoteInfo = FocusedSpecs;
		};
		AEC8552B18ECB20F00F7FB11 /* PBXContainerItemProxy */ = {
			isa = PBXContainerItemProxy;
			containerPortal = AEC8551718ECB20E00F7FB11 /* Cedar.xcodeproj */;
			proxyType = 2;
			remoteGlobalIDString = AEEE222911DC2B0600029872;
			remoteInfo = "Cedar-StaticLib";
		};
		AEC8552D18ECB20F00F7FB11 /* PBXContainerItemProxy */ = {
			isa = PBXContainerItemProxy;
			containerPortal = AEC8551718ECB20E00F7FB11 /* Cedar.xcodeproj */;
			proxyType = 2;
			remoteGlobalIDString = AEEE227611DC2CF900029872;
			remoteInfo = iOSSpecs;
		};
		AEC8552F18ECB20F00F7FB11 /* PBXContainerItemProxy */ = {
			isa = PBXContainerItemProxy;
			containerPortal = AEC8551718ECB20E00F7FB11 /* Cedar.xcodeproj */;
			proxyType = 2;
			remoteGlobalIDString = AE02E7E4184EABCD00414F19;
			remoteInfo = iOSFrameworkSpecs;
		};
		AEC8553118ECB20F00F7FB11 /* PBXContainerItemProxy */ = {
			isa = PBXContainerItemProxy;
			containerPortal = AEC8551718ECB20E00F7FB11 /* Cedar.xcodeproj */;
			proxyType = 2;
			remoteGlobalIDString = 96B5F9F6144A81A7000A6A5D;
			remoteInfo = OCUnitApp;
		};
		AEC8553318ECB20F00F7FB11 /* PBXContainerItemProxy */ = {
			isa = PBXContainerItemProxy;
			containerPortal = AEC8551718ECB20E00F7FB11 /* Cedar.xcodeproj */;
			proxyType = 2;
			remoteGlobalIDString = 96B5FA11144A81A8000A6A5D;
			remoteInfo = OCUnitAppTests;
		};
		AEC8553518ECB20F00F7FB11 /* PBXContainerItemProxy */ = {
			isa = PBXContainerItemProxy;
			containerPortal = AEC8551718ECB20E00F7FB11 /* Cedar.xcodeproj */;
			proxyType = 2;
			remoteGlobalIDString = 1F45A3DD180E4796003C1E36;
			remoteInfo = XCUnitAppTests;
		};
		AEC8553C18ECC77B00F7FB11 /* PBXContainerItemProxy */ = {
			isa = PBXContainerItemProxy;
			containerPortal = AEC8551718ECB20E00F7FB11 /* Cedar.xcodeproj */;
			proxyType = 1;
			remoteGlobalIDString = AEEE222811DC2B0600029872;
			remoteInfo = "Cedar-StaticLib";
		};
/* End PBXContainerItemProxy section */

/* Begin PBXFileReference section */
		AE3CBD5518EF796900BFA8F5 /* Game.h */ = {isa = PBXFileReference; fileEncoding = 4; lastKnownFileType = sourcecode.c.h; path = Game.h; sourceTree = "<group>"; };
		AE3CBD5618EF796900BFA8F5 /* Game.m */ = {isa = PBXFileReference; fileEncoding = 4; lastKnownFileType = sourcecode.c.objc; path = Game.m; sourceTree = "<group>"; };
		AE3CBD5918EF79F400BFA8F5 /* CreateGameViewControllerSpec.mm */ = {isa = PBXFileReference; fileEncoding = 4; lastKnownFileType = sourcecode.cpp.objcpp; path = CreateGameViewControllerSpec.mm; sourceTree = "<group>"; };
		AE3CBD5B18F3182900BFA8F5 /* GameCollectionSpec.mm */ = {isa = PBXFileReference; fileEncoding = 4; lastKnownFileType = sourcecode.cpp.objcpp; path = GameCollectionSpec.mm; sourceTree = "<group>"; };
		AE3CBD6118F3241F00BFA8F5 /* UserDefaultsCleaner.h */ = {isa = PBXFileReference; fileEncoding = 4; lastKnownFileType = sourcecode.c.h; path = UserDefaultsCleaner.h; sourceTree = "<group>"; };
		AE3CBD6218F3241F00BFA8F5 /* UserDefaultsCleaner.m */ = {isa = PBXFileReference; fileEncoding = 4; lastKnownFileType = sourcecode.c.objc; path = UserDefaultsCleaner.m; sourceTree = "<group>"; };
		AE3CBD6D18F4749800BFA8F5 /* Player.h */ = {isa = PBXFileReference; fileEncoding = 4; lastKnownFileType = sourcecode.c.h; path = Player.h; sourceTree = "<group>"; };
		AE3CBD6E18F4749800BFA8F5 /* Player.m */ = {isa = PBXFileReference; fileEncoding = 4; lastKnownFileType = sourcecode.c.objc; path = Player.m; sourceTree = "<group>"; };
		AE40F6931A4117C5004044BA /* HandTableViewController.h */ = {isa = PBXFileReference; fileEncoding = 4; lastKnownFileType = sourcecode.c.h; path = HandTableViewController.h; sourceTree = "<group>"; };
		AE40F6941A4117C5004044BA /* HandTableViewController.m */ = {isa = PBXFileReference; fileEncoding = 4; lastKnownFileType = sourcecode.c.objc; path = HandTableViewController.m; sourceTree = "<group>"; };
		AE40F6A71A41188C004044BA /* HandTableViewControllerSpec.mm */ = {isa = PBXFileReference; fileEncoding = 4; lastKnownFileType = sourcecode.cpp.objcpp; path = HandTableViewControllerSpec.mm; sourceTree = "<group>"; };
		AE4C7EE518EC980F004B11DE /* BlogScoreKeeper.app */ = {isa = PBXFileReference; explicitFileType = wrapper.application; includeInIndex = 0; path = BlogScoreKeeper.app; sourceTree = BUILT_PRODUCTS_DIR; };
		AE4C7EE818EC980F004B11DE /* Foundation.framework */ = {isa = PBXFileReference; lastKnownFileType = wrapper.framework; name = Foundation.framework; path = System/Library/Frameworks/Foundation.framework; sourceTree = SDKROOT; };
		AE4C7EEA18EC980F004B11DE /* CoreGraphics.framework */ = {isa = PBXFileReference; lastKnownFileType = wrapper.framework; name = CoreGraphics.framework; path = System/Library/Frameworks/CoreGraphics.framework; sourceTree = SDKROOT; };
		AE4C7EEC18EC980F004B11DE /* UIKit.framework */ = {isa = PBXFileReference; lastKnownFileType = wrapper.framework; name = UIKit.framework; path = System/Library/Frameworks/UIKit.framework; sourceTree = SDKROOT; };
		AE4C7EF018EC980F004B11DE /* BlogScoreKeeper-Info.plist */ = {isa = PBXFileReference; lastKnownFileType = text.plist.xml; path = "BlogScoreKeeper-Info.plist"; sourceTree = "<group>"; };
		AE4C7EF218EC980F004B11DE /* en */ = {isa = PBXFileReference; lastKnownFileType = text.plist.strings; name = en; path = en.lproj/InfoPlist.strings; sourceTree = "<group>"; };
		AE4C7EF418EC980F004B11DE /* main.m */ = {isa = PBXFileReference; lastKnownFileType = sourcecode.c.objc; path = main.m; sourceTree = "<group>"; };
		AE4C7EF618EC980F004B11DE /* BlogScoreKeeper-Prefix.pch */ = {isa = PBXFileReference; lastKnownFileType = sourcecode.c.h; path = "BlogScoreKeeper-Prefix.pch"; sourceTree = "<group>"; };
		AE4C7EF718EC980F004B11DE /* AppDelegate.h */ = {isa = PBXFileReference; lastKnownFileType = sourcecode.c.h; path = AppDelegate.h; sourceTree = "<group>"; };
		AE4C7EF818EC980F004B11DE /* AppDelegate.m */ = {isa = PBXFileReference; lastKnownFileType = sourcecode.c.objc; path = AppDelegate.m; sourceTree = "<group>"; };
		AE4C7EFA18EC980F004B11DE /* Images.xcassets */ = {isa = PBXFileReference; lastKnownFileType = folder.assetcatalog; path = Images.xcassets; sourceTree = "<group>"; };
		AE4C7F0118EC980F004B11DE /* XCTest.framework */ = {isa = PBXFileReference; lastKnownFileType = wrapper.framework; name = XCTest.framework; path = Library/Frameworks/XCTest.framework; sourceTree = DEVELOPER_DIR; };
		AE79ECB818F602E300604269 /* UIKit.xcodeproj */ = {isa = PBXFileReference; lastKnownFileType = "wrapper.pb-project"; name = UIKit.xcodeproj; path = Externals/PivotalCoreKit/UIKit/UIKit.xcodeproj; sourceTree = "<group>"; };
		AEC1059B18ECDA92000AC266 /* AppDelegateSpec.mm */ = {isa = PBXFileReference; fileEncoding = 4; lastKnownFileType = sourcecode.cpp.objcpp; path = AppDelegateSpec.mm; sourceTree = "<group>"; };
		AEC1059F18ECE040000AC266 /* RootViewController.h */ = {isa = PBXFileReference; fileEncoding = 4; lastKnownFileType = sourcecode.c.h; path = RootViewController.h; sourceTree = "<group>"; };
		AEC105A018ECE040000AC266 /* RootViewController.m */ = {isa = PBXFileReference; fileEncoding = 4; lastKnownFileType = sourcecode.c.objc; path = RootViewController.m; sourceTree = "<group>"; };
		AEC105B218EE0BC9000AC266 /* RootViewControllerSpec.mm */ = {isa = PBXFileReference; fileEncoding = 4; lastKnownFileType = sourcecode.cpp.objcpp; path = RootViewControllerSpec.mm; sourceTree = "<group>"; };
		AEC105B418EE0E2D000AC266 /* CreateGameViewController.h */ = {isa = PBXFileReference; fileEncoding = 4; lastKnownFileType = sourcecode.c.h; path = CreateGameViewController.h; sourceTree = "<group>"; };
		AEC105B518EE0E2D000AC266 /* CreateGameViewController.m */ = {isa = PBXFileReference; fileEncoding = 4; lastKnownFileType = sourcecode.c.objc; path = CreateGameViewController.m; sourceTree = "<group>"; };
		AEC105B618EE0E2D000AC266 /* CreateGameViewController.xib */ = {isa = PBXFileReference; fileEncoding = 4; lastKnownFileType = file.xib; path = CreateGameViewController.xib; sourceTree = "<group>"; };
		AEC105BB18EF233B000AC266 /* GameCollection.h */ = {isa = PBXFileReference; fileEncoding = 4; lastKnownFileType = sourcecode.c.h; path = GameCollection.h; sourceTree = "<group>"; };
		AEC105BC18EF233B000AC266 /* GameCollection.m */ = {isa = PBXFileReference; fileEncoding = 4; lastKnownFileType = sourcecode.c.objc; path = GameCollection.m; sourceTree = "<group>"; };
		AEC8550118ECB03800F7FB11 /* UISpecs.app */ = {isa = PBXFileReference; explicitFileType = wrapper.application; includeInIndex = 0; path = UISpecs.app; sourceTree = BUILT_PRODUCTS_DIR; };
		AEC8550718ECB03800F7FB11 /* UISpecs-Info.plist */ = {isa = PBXFileReference; lastKnownFileType = text.plist.xml; path = "UISpecs-Info.plist"; sourceTree = "<group>"; };
		AEC8550918ECB03800F7FB11 /* en */ = {isa = PBXFileReference; lastKnownFileType = text.plist.strings; name = en; path = en.lproj/InfoPlist.strings; sourceTree = "<group>"; };
		AEC8550B18ECB03800F7FB11 /* main.m */ = {isa = PBXFileReference; lastKnownFileType = sourcecode.c.objc; path = main.m; sourceTree = "<group>"; };
		AEC8550D18ECB03800F7FB11 /* UISpecs-Prefix.pch */ = {isa = PBXFileReference; lastKnownFileType = sourcecode.c.h; path = "UISpecs-Prefix.pch"; sourceTree = "<group>"; };
		AEC8551718ECB20E00F7FB11 /* Cedar.xcodeproj */ = {isa = PBXFileReference; lastKnownFileType = "wrapper.pb-project"; name = Cedar.xcodeproj; path = Externals/cedar/Cedar.xcodeproj; sourceTree = "<group>"; };
		AED075181A522B14005C06C8 /* EditHandViewController.h */ = {isa = PBXFileReference; fileEncoding = 4; lastKnownFileType = sourcecode.c.h; path = EditHandViewController.h; sourceTree = "<group>"; };
		AED075191A522B14005C06C8 /* EditHandViewController.m */ = {isa = PBXFileReference; fileEncoding = 4; lastKnownFileType = sourcecode.c.objc; path = EditHandViewController.m; sourceTree = "<group>"; };
		AED0751A1A522B14005C06C8 /* EditHandViewController.xib */ = {isa = PBXFileReference; fileEncoding = 4; lastKnownFileType = file.xib; path = EditHandViewController.xib; sourceTree = "<group>"; };
		AED0752F1A52311C005C06C8 /* EditHandViewControllerSpec.mm */ = {isa = PBXFileReference; fileEncoding = 4; lastKnownFileType = sourcecode.cpp.objcpp; path = EditHandViewControllerSpec.mm; sourceTree = "<group>"; };
		AEEC899B1A51E7F700BB1A2F /* Hand.h */ = {isa = PBXFileReference; fileEncoding = 4; lastKnownFileType = sourcecode.c.h; path = Hand.h; sourceTree = "<group>"; };
		AEEC899C1A51E7F700BB1A2F /* Hand.m */ = {isa = PBXFileReference; fileEncoding = 4; lastKnownFileType = sourcecode.c.objc; path = Hand.m; sourceTree = "<group>"; };
/* End PBXFileReference section */

/* Begin PBXFrameworksBuildPhase section */
		AE4C7EE218EC980F004B11DE /* Frameworks */ = {
			isa = PBXFrameworksBuildPhase;
			buildActionMask = 2147483647;
			files = (
				AE4C7EEB18EC980F004B11DE /* CoreGraphics.framework in Frameworks */,
				AE4C7EED18EC980F004B11DE /* UIKit.framework in Frameworks */,
				AE4C7EE918EC980F004B11DE /* Foundation.framework in Frameworks */,
			);
			runOnlyForDeploymentPostprocessing = 0;
		};
		AEC854FE18ECB03800F7FB11 /* Frameworks */ = {
			isa = PBXFrameworksBuildPhase;
			buildActionMask = 2147483647;
			files = (
				AEC8553E18ECC78C00F7FB11 /* libCedar-StaticLib.a in Frameworks */,
				AE79ECD318F602FD00604269 /* libUIKit+PivotalCore-StaticLib.a in Frameworks */,
				AE79ECD418F602FD00604269 /* libUIKit+PivotalSpecHelper-StaticLib.a in Frameworks */,
				AE79ECD518F602FD00604269 /* libUIKit+PivotalSpecHelperStubs-StaticLib.a in Frameworks */,
				AEC8550418ECB03800F7FB11 /* CoreGraphics.framework in Frameworks */,
				AEC8550218ECB03800F7FB11 /* UIKit.framework in Frameworks */,
				AEC8550318ECB03800F7FB11 /* Foundation.framework in Frameworks */,
			);
			runOnlyForDeploymentPostprocessing = 0;
		};
/* End PBXFrameworksBuildPhase section */

/* Begin PBXGroup section */
		AE4C7EDC18EC980F004B11DE = {
			isa = PBXGroup;
			children = (
				AEC8551618ECB15100F7FB11 /* Externals */,
				AE4C7EEE18EC980F004B11DE /* BlogScoreKeeper */,
				AEC8550518ECB03800F7FB11 /* UISpecs */,
				AE4C7EE718EC980F004B11DE /* Frameworks */,
				AE4C7EE618EC980F004B11DE /* Products */,
			);
			sourceTree = "<group>";
		};
		AE4C7EE618EC980F004B11DE /* Products */ = {
			isa = PBXGroup;
			children = (
				AE4C7EE518EC980F004B11DE /* BlogScoreKeeper.app */,
				AEC8550118ECB03800F7FB11 /* UISpecs.app */,
			);
			name = Products;
			sourceTree = "<group>";
		};
		AE4C7EE718EC980F004B11DE /* Frameworks */ = {
			isa = PBXGroup;
			children = (
				AE4C7EE818EC980F004B11DE /* Foundation.framework */,
				AE4C7EEA18EC980F004B11DE /* CoreGraphics.framework */,
				AE4C7EEC18EC980F004B11DE /* UIKit.framework */,
				AE4C7F0118EC980F004B11DE /* XCTest.framework */,
			);
			name = Frameworks;
			sourceTree = "<group>";
		};
		AE4C7EEE18EC980F004B11DE /* BlogScoreKeeper */ = {
			isa = PBXGroup;
			children = (
				AE4C7EF718EC980F004B11DE /* AppDelegate.h */,
				AE4C7EF818EC980F004B11DE /* AppDelegate.m */,
				AEC105B418EE0E2D000AC266 /* CreateGameViewController.h */,
				AEC105B518EE0E2D000AC266 /* CreateGameViewController.m */,
				AEC105B618EE0E2D000AC266 /* CreateGameViewController.xib */,
				AED075181A522B14005C06C8 /* EditHandViewController.h */,
				AED075191A522B14005C06C8 /* EditHandViewController.m */,
				AED0751A1A522B14005C06C8 /* EditHandViewController.xib */,
				AE3CBD5518EF796900BFA8F5 /* Game.h */,
				AE3CBD5618EF796900BFA8F5 /* Game.m */,
				AEC105BB18EF233B000AC266 /* GameCollection.h */,
				AEC105BC18EF233B000AC266 /* GameCollection.m */,
				AEEC899B1A51E7F700BB1A2F /* Hand.h */,
				AEEC899C1A51E7F700BB1A2F /* Hand.m */,
				AE40F6931A4117C5004044BA /* HandTableViewController.h */,
				AE40F6941A4117C5004044BA /* HandTableViewController.m */,
				AE4C7EFA18EC980F004B11DE /* Images.xcassets */,
				AE3CBD6D18F4749800BFA8F5 /* Player.h */,
				AE3CBD6E18F4749800BFA8F5 /* Player.m */,
				AEC1059F18ECE040000AC266 /* RootViewController.h */,
				AEC105A018ECE040000AC266 /* RootViewController.m */,
				AE4C7EEF18EC980F004B11DE /* Supporting Files */,
			);
			path = BlogScoreKeeper;
			sourceTree = "<group>";
		};
		AE4C7EEF18EC980F004B11DE /* Supporting Files */ = {
			isa = PBXGroup;
			children = (
				AE4C7EF018EC980F004B11DE /* BlogScoreKeeper-Info.plist */,
				AE4C7EF118EC980F004B11DE /* InfoPlist.strings */,
				AE4C7EF418EC980F004B11DE /* main.m */,
				AE4C7EF618EC980F004B11DE /* BlogScoreKeeper-Prefix.pch */,
			);
			name = "Supporting Files";
			sourceTree = "<group>";
		};
		AE79ECB918F602E300604269 /* Products */ = {
			isa = PBXGroup;
			children = (
				AE79ECC418F602E300604269 /* libUIKit+PivotalCore-StaticLib.a */,
				AE79ECC618F602E300604269 /* libUIKit+PivotalSpecHelper-StaticLib.a */,
				AE79ECC818F602E300604269 /* libUIKit+PivotalSpecHelperStubs-StaticLib.a */,
				AE79ECCA18F602E300604269 /* UIKit-StaticLibSpec.app */,
				AE79ECCC18F602E300604269 /* UIKit-StaticLibSpecBundle.octest */,
			);
			name = Products;
			sourceTree = "<group>";
		};
		AEC8550518ECB03800F7FB11 /* UISpecs */ = {
			isa = PBXGroup;
			children = (
				AEC1059B18ECDA92000AC266 /* AppDelegateSpec.mm */,
				AE3CBD5918EF79F400BFA8F5 /* CreateGameViewControllerSpec.mm */,
				AED0752F1A52311C005C06C8 /* EditHandViewControllerSpec.mm */,
				AE3CBD5B18F3182900BFA8F5 /* GameCollectionSpec.mm */,
				AE40F6A71A41188C004044BA /* HandTableViewControllerSpec.mm */,
				AEC105B218EE0BC9000AC266 /* RootViewControllerSpec.mm */,
				AEC8550618ECB03800F7FB11 /* Supporting Files */,
				AE3CBD6118F3241F00BFA8F5 /* UserDefaultsCleaner.h */,
				AE3CBD6218F3241F00BFA8F5 /* UserDefaultsCleaner.m */,
			);
			path = UISpecs;
			sourceTree = "<group>";
		};
		AEC8550618ECB03800F7FB11 /* Supporting Files */ = {
			isa = PBXGroup;
			children = (
				AEC8550718ECB03800F7FB11 /* UISpecs-Info.plist */,
				AEC8550818ECB03800F7FB11 /* InfoPlist.strings */,
				AEC8550B18ECB03800F7FB11 /* main.m */,
				AEC8550D18ECB03800F7FB11 /* UISpecs-Prefix.pch */,
			);
			name = "Supporting Files";
			sourceTree = "<group>";
		};
		AEC8551618ECB15100F7FB11 /* Externals */ = {
			isa = PBXGroup;
			children = (
				AEC8551718ECB20E00F7FB11 /* Cedar.xcodeproj */,
				AE79ECB818F602E300604269 /* UIKit.xcodeproj */,
			);
			name = Externals;
			sourceTree = "<group>";
		};
		AEC8551818ECB20E00F7FB11 /* Products */ = {
			isa = PBXGroup;
			children = (
				AEC8552618ECB20F00F7FB11 /* Cedar.framework */,
				AEC8552818ECB20F00F7FB11 /* Cedar OS X Specs */,
				AEC8552A18ECB20F00F7FB11 /* Cedar OS X FocusedSpecs */,
				AEC8552C18ECB20F00F7FB11 /* libCedar-StaticLib.a */,
				AEC8552E18ECB20F00F7FB11 /* Cedar iOS Specs.app */,
				AEC8553018ECB20F00F7FB11 /* Cedar iOS FrameworkSpecs.app */,
				AEC8553218ECB20F00F7FB11 /* Cedar iOS Host App.app */,
				AEC8553418ECB20F00F7FB11 /* Cedar iOS SenTestingKit Tests.octest */,
				AEC8553618ECB20F00F7FB11 /* XCUnitAppTests.xctest */,
				AEBE6BEE1A4110D2007380F4 /* Cedar OS X Host App.app */,
				AEBE6BF01A4110D2007380F4 /* Cedar OS X Host AppTests.xctest */,
				AEBE6BF21A4110D2007380F4 /* Cedar OS X Failing Test Bundle.octest */,
			);
			name = Products;
			sourceTree = "<group>";
		};
/* End PBXGroup section */

/* Begin PBXNativeTarget section */
		AE4C7EE418EC980F004B11DE /* BlogScoreKeeper */ = {
			isa = PBXNativeTarget;
			buildConfigurationList = AE4C7F1118EC980F004B11DE /* Build configuration list for PBXNativeTarget "BlogScoreKeeper" */;
			buildPhases = (
				AE4C7EE118EC980F004B11DE /* Sources */,
				AE4C7EE218EC980F004B11DE /* Frameworks */,
				AE4C7EE318EC980F004B11DE /* Resources */,
			);
			buildRules = (
			);
			dependencies = (
			);
			name = BlogScoreKeeper;
			productName = BlogScoreKeeper;
			productReference = AE4C7EE518EC980F004B11DE /* BlogScoreKeeper.app */;
			productType = "com.apple.product-type.application";
		};
		AEC8550018ECB03800F7FB11 /* UISpecs */ = {
			isa = PBXNativeTarget;
			buildConfigurationList = AEC8551518ECB03900F7FB11 /* Build configuration list for PBXNativeTarget "UISpecs" */;
			buildPhases = (
				AEC854FD18ECB03800F7FB11 /* Sources */,
				AEC854FE18ECB03800F7FB11 /* Frameworks */,
				AEC854FF18ECB03800F7FB11 /* Resources */,
			);
			buildRules = (
			);
			dependencies = (
				AEC8553D18ECC77B00F7FB11 /* PBXTargetDependency */,
				AE79ECCE18F602F100604269 /* PBXTargetDependency */,
				AE79ECD018F602F100604269 /* PBXTargetDependency */,
				AE79ECD218F602F100604269 /* PBXTargetDependency */,
			);
			name = UISpecs;
			productName = UISpecs;
			productReference = AEC8550118ECB03800F7FB11 /* UISpecs.app */;
			productType = "com.apple.product-type.application";
		};
/* End PBXNativeTarget section */

/* Begin PBXProject section */
		AE4C7EDD18EC980F004B11DE /* Project object */ = {
			isa = PBXProject;
			attributes = {
				LastUpgradeCheck = 0610;
				ORGANIZATIONNAME = PivotalBeach;
			};
			buildConfigurationList = AE4C7EE018EC980F004B11DE /* Build configuration list for PBXProject "BlogScoreKeeper" */;
			compatibilityVersion = "Xcode 3.2";
			developmentRegion = English;
			hasScannedForEncodings = 0;
			knownRegions = (
				en,
			);
			mainGroup = AE4C7EDC18EC980F004B11DE;
			productRefGroup = AE4C7EE618EC980F004B11DE /* Products */;
			projectDirPath = "";
			projectReferences = (
				{
					ProductGroup = AEC8551818ECB20E00F7FB11 /* Products */;
					ProjectRef = AEC8551718ECB20E00F7FB11 /* Cedar.xcodeproj */;
				},
				{
					ProductGroup = AE79ECB918F602E300604269 /* Products */;
					ProjectRef = AE79ECB818F602E300604269 /* UIKit.xcodeproj */;
				},
			);
			projectRoot = "";
			targets = (
				AE4C7EE418EC980F004B11DE /* BlogScoreKeeper */,
				AEC8550018ECB03800F7FB11 /* UISpecs */,
			);
		};
/* End PBXProject section */

/* Begin PBXReferenceProxy section */
		AE79ECC418F602E300604269 /* libUIKit+PivotalCore-StaticLib.a */ = {
			isa = PBXReferenceProxy;
			fileType = archive.ar;
			path = "libUIKit+PivotalCore-StaticLib.a";
			remoteRef = AE79ECC318F602E300604269 /* PBXContainerItemProxy */;
			sourceTree = BUILT_PRODUCTS_DIR;
		};
		AE79ECC618F602E300604269 /* libUIKit+PivotalSpecHelper-StaticLib.a */ = {
			isa = PBXReferenceProxy;
			fileType = archive.ar;
			path = "libUIKit+PivotalSpecHelper-StaticLib.a";
			remoteRef = AE79ECC518F602E300604269 /* PBXContainerItemProxy */;
			sourceTree = BUILT_PRODUCTS_DIR;
		};
		AE79ECC818F602E300604269 /* libUIKit+PivotalSpecHelperStubs-StaticLib.a */ = {
			isa = PBXReferenceProxy;
			fileType = archive.ar;
			path = "libUIKit+PivotalSpecHelperStubs-StaticLib.a";
			remoteRef = AE79ECC718F602E300604269 /* PBXContainerItemProxy */;
			sourceTree = BUILT_PRODUCTS_DIR;
		};
		AE79ECCA18F602E300604269 /* UIKit-StaticLibSpec.app */ = {
			isa = PBXReferenceProxy;
			fileType = wrapper.application;
			path = "UIKit-StaticLibSpec.app";
			remoteRef = AE79ECC918F602E300604269 /* PBXContainerItemProxy */;
			sourceTree = BUILT_PRODUCTS_DIR;
		};
		AE79ECCC18F602E300604269 /* UIKit-StaticLibSpecBundle.octest */ = {
			isa = PBXReferenceProxy;
			fileType = wrapper.cfbundle;
			path = "UIKit-StaticLibSpecBundle.octest";
			remoteRef = AE79ECCB18F602E300604269 /* PBXContainerItemProxy */;
			sourceTree = BUILT_PRODUCTS_DIR;
		};
		AEBE6BEE1A4110D2007380F4 /* Cedar OS X Host App.app */ = {
			isa = PBXReferenceProxy;
			fileType = wrapper.application;
			path = "Cedar OS X Host App.app";
			remoteRef = AEBE6BED1A4110D2007380F4 /* PBXContainerItemProxy */;
			sourceTree = BUILT_PRODUCTS_DIR;
		};
		AEBE6BF01A4110D2007380F4 /* Cedar OS X Host AppTests.xctest */ = {
			isa = PBXReferenceProxy;
			fileType = wrapper.cfbundle;
			path = "Cedar OS X Host AppTests.xctest";
			remoteRef = AEBE6BEF1A4110D2007380F4 /* PBXContainerItemProxy */;
			sourceTree = BUILT_PRODUCTS_DIR;
		};
		AEBE6BF21A4110D2007380F4 /* Cedar OS X Failing Test Bundle.octest */ = {
			isa = PBXReferenceProxy;
			fileType = wrapper.cfbundle;
			path = "Cedar OS X Failing Test Bundle.octest";
			remoteRef = AEBE6BF11A4110D2007380F4 /* PBXContainerItemProxy */;
			sourceTree = BUILT_PRODUCTS_DIR;
		};
		AEC8552618ECB20F00F7FB11 /* Cedar.framework */ = {
			isa = PBXReferenceProxy;
			fileType = wrapper.framework;
			path = Cedar.framework;
			remoteRef = AEC8552518ECB20F00F7FB11 /* PBXContainerItemProxy */;
			sourceTree = BUILT_PRODUCTS_DIR;
		};
		AEC8552818ECB20F00F7FB11 /* Cedar OS X Specs */ = {
			isa = PBXReferenceProxy;
			fileType = "compiled.mach-o.executable";
			path = "Cedar OS X Specs";
			remoteRef = AEC8552718ECB20F00F7FB11 /* PBXContainerItemProxy */;
			sourceTree = BUILT_PRODUCTS_DIR;
		};
		AEC8552A18ECB20F00F7FB11 /* Cedar OS X FocusedSpecs */ = {
			isa = PBXReferenceProxy;
			fileType = "compiled.mach-o.executable";
			path = "Cedar OS X FocusedSpecs";
			remoteRef = AEC8552918ECB20F00F7FB11 /* PBXContainerItemProxy */;
			sourceTree = BUILT_PRODUCTS_DIR;
		};
		AEC8552C18ECB20F00F7FB11 /* libCedar-StaticLib.a */ = {
			isa = PBXReferenceProxy;
			fileType = archive.ar;
			path = "libCedar-StaticLib.a";
			remoteRef = AEC8552B18ECB20F00F7FB11 /* PBXContainerItemProxy */;
			sourceTree = BUILT_PRODUCTS_DIR;
		};
		AEC8552E18ECB20F00F7FB11 /* Cedar iOS Specs.app */ = {
			isa = PBXReferenceProxy;
			fileType = wrapper.application;
			path = "Cedar iOS Specs.app";
			remoteRef = AEC8552D18ECB20F00F7FB11 /* PBXContainerItemProxy */;
			sourceTree = BUILT_PRODUCTS_DIR;
		};
		AEC8553018ECB20F00F7FB11 /* Cedar iOS FrameworkSpecs.app */ = {
			isa = PBXReferenceProxy;
			fileType = wrapper.application;
			path = "Cedar iOS FrameworkSpecs.app";
			remoteRef = AEC8552F18ECB20F00F7FB11 /* PBXContainerItemProxy */;
			sourceTree = BUILT_PRODUCTS_DIR;
		};
		AEC8553218ECB20F00F7FB11 /* Cedar iOS Host App.app */ = {
			isa = PBXReferenceProxy;
			fileType = wrapper.application;
			path = "Cedar iOS Host App.app";
			remoteRef = AEC8553118ECB20F00F7FB11 /* PBXContainerItemProxy */;
			sourceTree = BUILT_PRODUCTS_DIR;
		};
		AEC8553418ECB20F00F7FB11 /* Cedar iOS SenTestingKit Tests.octest */ = {
			isa = PBXReferenceProxy;
			fileType = wrapper.cfbundle;
			path = "Cedar iOS SenTestingKit Tests.octest";
			remoteRef = AEC8553318ECB20F00F7FB11 /* PBXContainerItemProxy */;
			sourceTree = BUILT_PRODUCTS_DIR;
		};
		AEC8553618ECB20F00F7FB11 /* XCUnitAppTests.xctest */ = {
			isa = PBXReferenceProxy;
			fileType = wrapper.cfbundle;
			path = XCUnitAppTests.xctest;
			remoteRef = AEC8553518ECB20F00F7FB11 /* PBXContainerItemProxy */;
			sourceTree = BUILT_PRODUCTS_DIR;
		};
/* End PBXReferenceProxy section */

/* Begin PBXResourcesBuildPhase section */
		AE4C7EE318EC980F004B11DE /* Resources */ = {
			isa = PBXResourcesBuildPhase;
			buildActionMask = 2147483647;
			files = (
				AE4C7EF318EC980F004B11DE /* InfoPlist.strings in Resources */,
				AE4C7EFB18EC980F004B11DE /* Images.xcassets in Resources */,
				AEC105B918EE0E2D000AC266 /* CreateGameViewController.xib in Resources */,
				AED0751D1A522B14005C06C8 /* EditHandViewController.xib in Resources */,
			);
			runOnlyForDeploymentPostprocessing = 0;
		};
		AEC854FF18ECB03800F7FB11 /* Resources */ = {
			isa = PBXResourcesBuildPhase;
			buildActionMask = 2147483647;
			files = (
				AED0751E1A522B14005C06C8 /* EditHandViewController.xib in Resources */,
				AEC8550A18ECB03800F7FB11 /* InfoPlist.strings in Resources */,
				AEC105BA18EE0E2D000AC266 /* CreateGameViewController.xib in Resources */,
			);
			runOnlyForDeploymentPostprocessing = 0;
		};
/* End PBXResourcesBuildPhase section */

/* Begin PBXSourcesBuildPhase section */
		AE4C7EE118EC980F004B11DE /* Sources */ = {
			isa = PBXSourcesBuildPhase;
			buildActionMask = 2147483647;
			files = (
				AEEC899D1A51E7F700BB1A2F /* Hand.m in Sources */,
				AE3CBD6F18F4749800BFA8F5 /* Player.m in Sources */,
				AE4C7EF918EC980F004B11DE /* AppDelegate.m in Sources */,
				AE40F6951A4117C5004044BA /* HandTableViewController.m in Sources */,
				AE4C7EF518EC980F004B11DE /* main.m in Sources */,
				AEC105B718EE0E2D000AC266 /* CreateGameViewController.m in Sources */,
				AEC105A218ECE040000AC266 /* RootViewController.m in Sources */,
				AED0751B1A522B14005C06C8 /* EditHandViewController.m in Sources */,
				AE3CBD5718EF796900BFA8F5 /* Game.m in Sources */,
				AEC105BD18EF233B000AC266 /* GameCollection.m in Sources */,
			);
			runOnlyForDeploymentPostprocessing = 0;
		};
		AEC854FD18ECB03800F7FB11 /* Sources */ = {
			isa = PBXSourcesBuildPhase;
			buildActionMask = 2147483647;
			files = (
				AEEC899E1A51E7F700BB1A2F /* Hand.m in Sources */,
				AEC105B818EE0E2D000AC266 /* CreateGameViewController.m in Sources */,
				AEC8550C18ECB03800F7FB11 /* main.m in Sources */,
				AED0751C1A522B14005C06C8 /* EditHandViewController.m in Sources */,
				AE3CBD5A18EF79F400BFA8F5 /* CreateGameViewControllerSpec.mm in Sources */,
				AEC105BE18EF233B000AC266 /* GameCollection.m in Sources */,
				AE3CBD6318F3241F00BFA8F5 /* UserDefaultsCleaner.m in Sources */,
				AE40F6961A4117C5004044BA /* HandTableViewController.m in Sources */,
				AEC105B318EE0BC9000AC266 /* RootViewControllerSpec.mm in Sources */,
				AE40F6A81A41188C004044BA /* HandTableViewControllerSpec.mm in Sources */,
				AE3CBD5818EF796900BFA8F5 /* Game.m in Sources */,
				AEC1059C18ECDA92000AC266 /* AppDelegateSpec.mm in Sources */,
				AE3CBD5C18F3182900BFA8F5 /* GameCollectionSpec.mm in Sources */,
				AEC105A318ECE040000AC266 /* RootViewController.m in Sources */,
				AED075301A52311C005C06C8 /* EditHandViewControllerSpec.mm in Sources */,
				AE3CBD7018F4749800BFA8F5 /* Player.m in Sources */,
				AEC105A618ECE061000AC266 /* AppDelegate.m in Sources */,
			);
			runOnlyForDeploymentPostprocessing = 0;
		};
/* End PBXSourcesBuildPhase section */

/* Begin PBXTargetDependency section */
		AE79ECCE18F602F100604269 /* PBXTargetDependency */ = {
			isa = PBXTargetDependency;
			name = "UIKit+PivotalCore-StaticLib";
			targetProxy = AE79ECCD18F602F100604269 /* PBXContainerItemProxy */;
		};
		AE79ECD018F602F100604269 /* PBXTargetDependency */ = {
			isa = PBXTargetDependency;
			name = "UIKit+PivotalSpecHelper-StaticLib";
			targetProxy = AE79ECCF18F602F100604269 /* PBXContainerItemProxy */;
		};
		AE79ECD218F602F100604269 /* PBXTargetDependency */ = {
			isa = PBXTargetDependency;
			name = "UIKit+PivotalSpecHelperStubs-StaticLib";
			targetProxy = AE79ECD118F602F100604269 /* PBXContainerItemProxy */;
		};
		AEC8553D18ECC77B00F7FB11 /* PBXTargetDependency */ = {
			isa = PBXTargetDependency;
			name = "Cedar-StaticLib";
			targetProxy = AEC8553C18ECC77B00F7FB11 /* PBXContainerItemProxy */;
		};
/* End PBXTargetDependency section */

/* Begin PBXVariantGroup section */
		AE4C7EF118EC980F004B11DE /* InfoPlist.strings */ = {
			isa = PBXVariantGroup;
			children = (
				AE4C7EF218EC980F004B11DE /* en */,
			);
			name = InfoPlist.strings;
			sourceTree = "<group>";
		};
		AEC8550818ECB03800F7FB11 /* InfoPlist.strings */ = {
			isa = PBXVariantGroup;
			children = (
				AEC8550918ECB03800F7FB11 /* en */,
			);
			name = InfoPlist.strings;
			sourceTree = "<group>";
		};
/* End PBXVariantGroup section */

/* Begin XCBuildConfiguration section */
		AE4C7F0F18EC980F004B11DE /* Debug */ = {
			isa = XCBuildConfiguration;
			buildSettings = {
				ALWAYS_SEARCH_USER_PATHS = NO;
				CLANG_CXX_LANGUAGE_STANDARD = "gnu++0x";
				CLANG_CXX_LIBRARY = "libc++";
				CLANG_ENABLE_MODULES = YES;
				CLANG_ENABLE_OBJC_ARC = YES;
				CLANG_WARN_BOOL_CONVERSION = YES;
				CLANG_WARN_CONSTANT_CONVERSION = YES;
				CLANG_WARN_DIRECT_OBJC_ISA_USAGE = YES_ERROR;
				CLANG_WARN_EMPTY_BODY = YES;
				CLANG_WARN_ENUM_CONVERSION = YES;
				CLANG_WARN_INT_CONVERSION = YES;
				CLANG_WARN_OBJC_ROOT_CLASS = YES_ERROR;
				CLANG_WARN__DUPLICATE_METHOD_MATCH = YES;
				"CODE_SIGN_IDENTITY[sdk=iphoneos*]" = "iPhone Developer";
				COPY_PHASE_STRIP = NO;
				GCC_C_LANGUAGE_STANDARD = gnu99;
				GCC_DYNAMIC_NO_PIC = NO;
				GCC_OPTIMIZATION_LEVEL = 0;
				GCC_PREPROCESSOR_DEFINITIONS = (
					"DEBUG=1",
					"$(inherited)",
				);
				GCC_SYMBOLS_PRIVATE_EXTERN = NO;
				GCC_TREAT_WARNINGS_AS_ERRORS = YES;
				GCC_WARN_64_TO_32_BIT_CONVERSION = YES;
				GCC_WARN_ABOUT_RETURN_TYPE = YES_ERROR;
				GCC_WARN_UNDECLARED_SELECTOR = YES;
				GCC_WARN_UNINITIALIZED_AUTOS = YES;
				GCC_WARN_UNUSED_FUNCTION = YES;
				GCC_WARN_UNUSED_VARIABLE = YES;
				IPHONEOS_DEPLOYMENT_TARGET = 7.0;
				ONLY_ACTIVE_ARCH = YES;
				SDKROOT = iphoneos;
			};
			name = Debug;
		};
		AE4C7F1018EC980F004B11DE /* Release */ = {
			isa = XCBuildConfiguration;
			buildSettings = {
				ALWAYS_SEARCH_USER_PATHS = NO;
				CLANG_CXX_LANGUAGE_STANDARD = "gnu++0x";
				CLANG_CXX_LIBRARY = "libc++";
				CLANG_ENABLE_MODULES = YES;
				CLANG_ENABLE_OBJC_ARC = YES;
				CLANG_WARN_BOOL_CONVERSION = YES;
				CLANG_WARN_CONSTANT_CONVERSION = YES;
				CLANG_WARN_DIRECT_OBJC_ISA_USAGE = YES_ERROR;
				CLANG_WARN_EMPTY_BODY = YES;
				CLANG_WARN_ENUM_CONVERSION = YES;
				CLANG_WARN_INT_CONVERSION = YES;
				CLANG_WARN_OBJC_ROOT_CLASS = YES_ERROR;
				CLANG_WARN__DUPLICATE_METHOD_MATCH = YES;
				"CODE_SIGN_IDENTITY[sdk=iphoneos*]" = "iPhone Developer";
				COPY_PHASE_STRIP = YES;
				ENABLE_NS_ASSERTIONS = NO;
				GCC_C_LANGUAGE_STANDARD = gnu99;
				GCC_TREAT_WARNINGS_AS_ERRORS = YES;
				GCC_WARN_64_TO_32_BIT_CONVERSION = YES;
				GCC_WARN_ABOUT_RETURN_TYPE = YES_ERROR;
				GCC_WARN_UNDECLARED_SELECTOR = YES;
				GCC_WARN_UNINITIALIZED_AUTOS = YES;
				GCC_WARN_UNUSED_FUNCTION = YES;
				GCC_WARN_UNUSED_VARIABLE = YES;
				IPHONEOS_DEPLOYMENT_TARGET = 7.0;
				SDKROOT = iphoneos;
				VALIDATE_PRODUCT = YES;
			};
			name = Release;
		};
		AE4C7F1218EC980F004B11DE /* Debug */ = {
			isa = XCBuildConfiguration;
			buildSettings = {
				ASSETCATALOG_COMPILER_APPICON_NAME = AppIcon;
				ASSETCATALOG_COMPILER_LAUNCHIMAGE_NAME = LaunchImage;
				GCC_PRECOMPILE_PREFIX_HEADER = YES;
				GCC_PREFIX_HEADER = "BlogScoreKeeper/BlogScoreKeeper-Prefix.pch";
				INFOPLIST_FILE = "BlogScoreKeeper/BlogScoreKeeper-Info.plist";
				PRODUCT_NAME = "$(TARGET_NAME)";
				WRAPPER_EXTENSION = app;
			};
			name = Debug;
		};
		AE4C7F1318EC980F004B11DE /* Release */ = {
			isa = XCBuildConfiguration;
			buildSettings = {
				ASSETCATALOG_COMPILER_APPICON_NAME = AppIcon;
				ASSETCATALOG_COMPILER_LAUNCHIMAGE_NAME = LaunchImage;
				GCC_PRECOMPILE_PREFIX_HEADER = YES;
				GCC_PREFIX_HEADER = "BlogScoreKeeper/BlogScoreKeeper-Prefix.pch";
				INFOPLIST_FILE = "BlogScoreKeeper/BlogScoreKeeper-Info.plist";
				PRODUCT_NAME = "$(TARGET_NAME)";
				WRAPPER_EXTENSION = app;
			};
			name = Release;
		};
		AEC8551318ECB03900F7FB11 /* Debug */ = {
			isa = XCBuildConfiguration;
			buildSettings = {
				"CODE_SIGN_IDENTITY[sdk=iphoneos*]" = "iPhone Developer";
				FRAMEWORK_SEARCH_PATHS = "";
				GCC_PRECOMPILE_PREFIX_HEADER = YES;
				GCC_PREFIX_HEADER = "UISpecs/UISpecs-Prefix.pch";
				GCC_PREPROCESSOR_DEFINITIONS = (
					"DEBUG=1",
					"$(inherited)",
				);
				INFOPLIST_FILE = "UISpecs/UISpecs-Info.plist";
				OTHER_LDFLAGS = (
					"-ObjC",
					"-all_load",
					"-lstdc++",
				);
				PRODUCT_NAME = "$(TARGET_NAME)";
				USER_HEADER_SEARCH_PATHS = "$(PROJECT_DIR)/Externals/cedar/Source/Headers/** $(PROJECT_DIR)/Externals/PivotalCoreKit/**";
				WRAPPER_EXTENSION = app;
			};
			name = Debug;
		};
		AEC8551418ECB03900F7FB11 /* Release */ = {
			isa = XCBuildConfiguration;
			buildSettings = {
				"CODE_SIGN_IDENTITY[sdk=iphoneos*]" = "iPhone Developer";
				FRAMEWORK_SEARCH_PATHS = "";
				GCC_PRECOMPILE_PREFIX_HEADER = YES;
				GCC_PREFIX_HEADER = "UISpecs/UISpecs-Prefix.pch";
				INFOPLIST_FILE = "UISpecs/UISpecs-Info.plist";
				OTHER_CFLAGS = "-DNS_BLOCK_ASSERTIONS=1";
				OTHER_LDFLAGS = (
					"-ObjC",
					"-all_load",
					"-lstdc++",
				);
				PRODUCT_NAME = "$(TARGET_NAME)";
				USER_HEADER_SEARCH_PATHS = "$(PROJECT_DIR)/Externals/cedar/Source/Headers/** $(PROJECT_DIR)/Externals/PivotalCoreKit/**";
				WRAPPER_EXTENSION = app;
			};
			name = Release;
		};
/* End XCBuildConfiguration section */

/* Begin XCConfigurationList section */
		AE4C7EE018EC980F004B11DE /* Build configuration list for PBXProject "BlogScoreKeeper" */ = {
			isa = XCConfigurationList;
			buildConfigurations = (
				AE4C7F0F18EC980F004B11DE /* Debug */,
				AE4C7F1018EC980F004B11DE /* Release */,
			);
			defaultConfigurationIsVisible = 0;
			defaultConfigurationName = Release;
		};
		AE4C7F1118EC980F004B11DE /* Build configuration list for PBXNativeTarget "BlogScoreKeeper" */ = {
			isa = XCConfigurationList;
			buildConfigurations = (
				AE4C7F1218EC980F004B11DE /* Debug */,
				AE4C7F1318EC980F004B11DE /* Release */,
			);
			defaultConfigurationIsVisible = 0;
			defaultConfigurationName = Release;
		};
		AEC8551518ECB03900F7FB11 /* Build configuration list for PBXNativeTarget "UISpecs" */ = {
			isa = XCConfigurationList;
			buildConfigurations = (
				AEC8551318ECB03900F7FB11 /* Debug */,
				AEC8551418ECB03900F7FB11 /* Release */,
			);
			defaultConfigurationIsVisible = 0;
			defaultConfigurationName = Release;
		};
/* End XCConfigurationList section */
	};
	rootObject = AE4C7EDD18EC980F004B11DE /* Project object */;
}
